# This file is autogenerated, do not edit; changes may be undone by the next 'dep ensure'.


[[projects]]
  name = "github.com/c-bata/go-prompt"
  packages = ["."]
  revision = "b5d7d9eae33759a6646cb41768966b593eef18f3"
  version = "v0.1.0"

[[projects]]
  branch = "master"
  name = "github.com/pkg/term"
  packages = ["termios"]
  revision = "b1f72af2d63057363398bec5873d16a98b453312"

[[projects]]
  branch = "master"
  name = "golang.org/x/sys"
  packages = ["unix"]
  revision = "a5054c7c1385fd50d9394475365355a87a7873ec"

[solve-meta]
  analyzer-name = "dep"
  analyzer-version = 1
  inputs-digest = "4dda04b548d47b06669e04a99149db03f7fa55787ca81b4ea1773375012ec044"
  solver-name = "gps-cdcl"
  solver-version = 1
